// !$*UTF8*$!
{
	archiveVersion = 1;
	classes = {
	};
	objectVersion = 46;
	objects = {

/* Begin PBXBuildFile section */
		A79FB8A81A1B2EA600B86F39 /* main.cpp in Sources */ = {isa = PBXBuildFile; fileRef = A79FB8A71A1B2EA600B86F39 /* main.cpp */; };
/* End PBXBuildFile section */

/* Begin PBXCopyFilesBuildPhase section */
		A79FB8A21A1B2EA600B86F39 /* CopyFiles */ = {
			isa = PBXCopyFilesBuildPhase;
			buildActionMask = 2147483647;
			dstPath = /usr/share/man/man1/;
			dstSubfolderSpec = 0;
			files = (
			);
			runOnlyForDeploymentPostprocessing = 1;
		};
/* End PBXCopyFilesBuildPhase section */

/* Begin PBXFileReference section */
		A79FB8A41A1B2EA600B86F39 /* SideScroller */ = {isa = PBXFileReference; explicitFileType = "compiled.mach-o.executable"; includeInIndex = 0; path = SideScroller; sourceTree = BUILT_PRODUCTS_DIR; };
		A79FB8A71A1B2EA600B86F39 /* main.cpp */ = {isa = PBXFileReference; lastKnownFileType = sourcecode.cpp.cpp; path = main.cpp; sourceTree = "<group>"; };
/* End PBXFileReference section */

/* Begin PBXFrameworksBuildPhase section */
		A79FB8A11A1B2EA600B86F39 /* Frameworks */ = {
			isa = PBXFrameworksBuildPhase;
			buildActionMask = 2147483647;
			files = (
			);
			runOnlyForDeploymentPostprocessing = 0;
		};
/* End PBXFrameworksBuildPhase section */

/* Begin PBXGroup section */
		A79FB89B1A1B2EA600B86F39 = {
			isa = PBXGroup;
			children = (
				A79FB8A61A1B2EA600B86F39 /* SideScroller */,
				A79FB8A51A1B2EA600B86F39 /* Products */,
			);
			sourceTree = "<group>";
		};
		A79FB8A51A1B2EA600B86F39 /* Products */ = {
			isa = PBXGroup;
			children = (
				A79FB8A41A1B2EA600B86F39 /* SideScroller */,
			);
			name = Products;
			sourceTree = "<group>";
		};
		A79FB8A61A1B2EA600B86F39 /* SideScroller */ = {
			isa = PBXGroup;
			children = (
				A79FB8A71A1B2EA600B86F39 /* main.cpp */,
			);
			path = SideScroller;
			sourceTree = "<group>";
		};
/* End PBXGroup section */

/* Begin PBXNativeTarget section */
		A79FB8A31A1B2EA600B86F39 /* SideScroller */ = {
			isa = PBXNativeTarget;
			buildConfigurationList = A79FB8AB1A1B2EA600B86F39 /* Build configuration list for PBXNativeTarget "SideScroller" */;
			buildPhases = (
				A79FB8A01A1B2EA600B86F39 /* Sources */,
				A79FB8A11A1B2EA600B86F39 /* Frameworks */,
				A79FB8A21A1B2EA600B86F39 /* CopyFiles */,
			);
			buildRules = (
			);
			dependencies = (
			);
			name = SideScroller;
			productName = SideScroller;
			productReference = A79FB8A41A1B2EA600B86F39 /* SideScroller */;
			productType = "com.apple.product-type.tool";
		};
/* End PBXNativeTarget section */

/* Begin PBXProject section */
		A79FB89C1A1B2EA600B86F39 /* Project object */ = {
			isa = PBXProject;
			attributes = {
				LastUpgradeCheck = 0610;
				ORGANIZATIONNAME = "Adam Manks";
				TargetAttributes = {
					A79FB8A31A1B2EA600B86F39 = {
						CreatedOnToolsVersion = 6.1;
					};
				};
			};
			buildConfigurationList = A79FB89F1A1B2EA600B86F39 /* Build configuration list for PBXProject "SideScroller" */;
			compatibilityVersion = "Xcode 3.2";
			developmentRegion = English;
			hasScannedForEncodings = 0;
			knownRegions = (
				en,
			);
			mainGroup = A79FB89B1A1B2EA600B86F39;
			productRefGroup = A79FB8A51A1B2EA600B86F39 /* Products */;
			projectDirPath = "";
			projectRoot = "";
			targets = (
				A79FB8A31A1B2EA600B86F39 /* SideScroller */,
			);
		};
/* End PBXProject section */

/* Begin PBXSourcesBuildPhase section */
		A79FB8A01A1B2EA600B86F39 /* Sources */ = {
			isa = PBXSourcesBuildPhase;
			buildActionMask = 2147483647;
			files = (
				A79FB8A81A1B2EA600B86F39 /* main.cpp in Sources */,
			);
			runOnlyForDeploymentPostprocessing = 0;
		};
/* End PBXSourcesBuildPhase section */

/* Begin XCBuildConfiguration section */
		A79FB8A91A1B2EA600B86F39 /* Debug */ = {
			isa = XCBuildConfiguration;
			buildSettings = {
				ALWAYS_SEARCH_USER_PATHS = NO;
				CLANG_CXX_LANGUAGE_STANDARD = "gnu++0x";
				CLANG_CXX_LIBRARY = "libc++";
				CLANG_ENABLE_MODULES = YES;
				CLANG_ENABLE_OBJC_ARC = YES;
				CLANG_WARN_BOOL_CONVERSION = YES;
				CLANG_WARN_CONSTANT_CONVERSION = YES;
				CLANG_WARN_DIRECT_OBJC_ISA_USAGE = YES_ERROR;
				CLANG_WARN_EMPTY_BODY = YES;
				CLANG_WARN_ENUM_CONVERSION = YES;
				CLANG_WARN_INT_CONVERSION = YES;
				CLANG_WARN_OBJC_ROOT_CLASS = YES_ERROR;
				CLANG_WARN_UNREACHABLE_CODE = YES;
				CLANG_WARN__DUPLICATE_METHOD_MATCH = YES;
				COPY_PHASE_STRIP = NO;
				ENABLE_STRICT_OBJC_MSGSEND = YES;
				GCC_C_LANGUAGE_STANDARD = gnu99;
				GCC_DYNAMIC_NO_PIC = NO;
				GCC_OPTIMIZATION_LEVEL = 0;
				GCC_PREPROCESSOR_DEFINITIONS = (
					"DEBUG=1",
					"$(inherited)",
				);
				GCC_SYMBOLS_PRIVATE_EXTERN = NO;
				GCC_WARN_64_TO_32_BIT_CONVERSION = YES;
				GCC_WARN_ABOUT_RETURN_TYPE = YES_ERROR;
				GCC_WARN_UNDECLARED_SELECTOR = YES;
				GCC_WARN_UNINITIALIZED_AUTOS = YES_AGGRESSIVE;
				GCC_WARN_UNUSED_FUNCTION = YES;
				GCC_WARN_UNUSED_VARIABLE = YES;
				MACOSX_DEPLOYMENT_TARGET = 10.10;
				MTL_ENABLE_DEBUG_INFO = YES;
				ONLY_ACTIVE_ARCH = YES;
				SDKROOT = macosx;
			};
			name = Debug;
		};
		A79FB8AA1A1B2EA600B86F39 /* Release */ = {
			isa = XCBuildConfiguration;
			buildSettings = {
				ALWAYS_SEARCH_USER_PATHS = NO;
				CLANG_CXX_LANGUAGE_STANDARD = "gnu++0x";
				CLANG_CXX_LIBRARY = "libc++";
				CLANG_ENABLE_MODULES = YES;
				CLANG_ENABLE_OBJC_ARC = YES;
				CLANG_WARN_BOOL_CONVERSION = YES;
				CLANG_WARN_CONSTANT_CONVERSION = YES;
				CLANG_WARN_DIRECT_OBJC_ISA_USAGE = YES_ERROR;
				CLANG_WARN_EMPTY_BODY = YES;
				CLANG_WARN_ENUM_CONVERSION = YES;
				CLANG_WARN_INT_CONVERSION = YES;
				CLANG_WARN_OBJC_ROOT_CLASS = YES_ERROR;
				CLANG_WARN_UNREACHABLE_CODE = YES;
				CLANG_WARN__DUPLICATE_METHOD_MATCH = YES;
				COPY_PHASE_STRIP = YES;
				DEBUG_INFORMATION_FORMAT = "dwarf-with-dsym";
				ENABLE_NS_ASSERTIONS = NO;
				ENABLE_STRICT_OBJC_MSGSEND = YES;
				GCC_C_LANGUAGE_STANDARD = gnu99;
				GCC_WARN_64_TO_32_BIT_CONVERSION = YES;
				GCC_WARN_ABOUT_RETURN_TYPE = YES_ERROR;
				GCC_WARN_UNDECLARED_SELECTOR = YES;
				GCC_WARN_UNINITIALIZED_AUTOS = YES_AGGRESSIVE;
				GCC_WARN_UNUSED_FUNCTION = YES;
				GCC_WARN_UNUSED_VARIABLE = YES;
				MACOSX_DEPLOYMENT_TARGET = 10.10;
				MTL_ENABLE_DEBUG_INFO = NO;
				SDKROOT = macosx;
			};
			name = Release;
		};
		A79FB8AC1A1B2EA600B86F39 /* Debug */ = {
			isa = XCBuildConfiguration;
			buildSettings = {
				PRODUCT_NAME = "$(TARGET_NAME)";
			};
			name = Debug;
		};
		A79FB8AD1A1B2EA600B86F39 /* Release */ = {
			isa = XCBuildConfiguration;
			buildSettings = {
				PRODUCT_NAME = "$(TARGET_NAME)";
			};
			name = Release;
		};
/* End XCBuildConfiguration section */

/* Begin XCConfigurationList section */
		A79FB89F1A1B2EA600B86F39 /* Build configuration list for PBXProject "SideScroller" */ = {
			isa = XCConfigurationList;
			buildConfigurations = (
				A79FB8A91A1B2EA600B86F39 /* Debug */,
				A79FB8AA1A1B2EA600B86F39 /* Release */,
			);
			defaultConfigurationIsVisible = 0;
			defaultConfigurationName = Release;
		};
		A79FB8AB1A1B2EA600B86F39 /* Build configuration list for PBXNativeTarget "SideScroller" */ = {
			isa = XCConfigurationList;
			buildConfigurations = (
				A79FB8AC1A1B2EA600B86F39 /* Debug */,
				A79FB8AD1A1B2EA600B86F39 /* Release */,
			);
			defaultConfigurationIsVisible = 0;
		};
/* End XCConfigurationList section */
	};
	rootObject = A79FB89C1A1B2EA600B86F39 /* Project object */;
}
